// !$*UTF8*$!
{
	archiveVersion = 1;
	classes = {
	};
	objectVersion = 77;
	objects = {

/* Begin PBXContainerItemProxy section */
		41552B632CBF45FF00360F42 /* PBXContainerItemProxy */ = {
			isa = PBXContainerItemProxy;
			containerPortal = 41552B442CBF45FD00360F42 /* Project object */;
			proxyType = 1;
			remoteGlobalIDString = 41552B4B2CBF45FD00360F42;
			remoteInfo = "Tech Social Media App";
		};
		41552B6D2CBF45FF00360F42 /* PBXContainerItemProxy */ = {
			isa = PBXContainerItemProxy;
			containerPortal = 41552B442CBF45FD00360F42 /* Project object */;
			proxyType = 1;
			remoteGlobalIDString = 41552B4B2CBF45FD00360F42;
			remoteInfo = "Tech Social Media App";
		};
/* End PBXContainerItemProxy section */

/* Begin PBXFileReference section */
		41552B4C2CBF45FD00360F42 /* Tech Social Media App.app */ = {isa = PBXFileReference; explicitFileType = wrapper.application; includeInIndex = 0; path = "Tech Social Media App.app"; sourceTree = BUILT_PRODUCTS_DIR; };
		41552B622CBF45FF00360F42 /* Tech Social Media AppTests.xctest */ = {isa = PBXFileReference; explicitFileType = wrapper.cfbundle; includeInIndex = 0; path = "Tech Social Media AppTests.xctest"; sourceTree = BUILT_PRODUCTS_DIR; };
		41552B6C2CBF45FF00360F42 /* Tech Social Media AppUITests.xctest */ = {isa = PBXFileReference; explicitFileType = wrapper.cfbundle; includeInIndex = 0; path = "Tech Social Media AppUITests.xctest"; sourceTree = BUILT_PRODUCTS_DIR; };
/* End PBXFileReference section */

/* Begin PBXFileSystemSynchronizedBuildFileExceptionSet section */
		41552B742CBF45FF00360F42 /* Exceptions for "Tech Social Media App" folder in "Tech Social Media App" target */ = {
			isa = PBXFileSystemSynchronizedBuildFileExceptionSet;
			membershipExceptions = (
				Info.plist,
			);
			target = 41552B4B2CBF45FD00360F42 /* Tech Social Media App */;
		};
/* End PBXFileSystemSynchronizedBuildFileExceptionSet section */

/* Begin PBXFileSystemSynchronizedRootGroup section */
		41552B4E2CBF45FD00360F42 /* Tech Social Media App */ = {
			isa = PBXFileSystemSynchronizedRootGroup;
			exceptions = (
				41552B742CBF45FF00360F42 /* Exceptions for "Tech Social Media App" folder in "Tech Social Media App" target */,
			);
			path = "Tech Social Media App";
			sourceTree = "<group>";
		};
		41552B652CBF45FF00360F42 /* Tech Social Media AppTests */ = {
			isa = PBXFileSystemSynchronizedRootGroup;
			path = "Tech Social Media AppTests";
			sourceTree = "<group>";
		};
		41552B6F2CBF45FF00360F42 /* Tech Social Media AppUITests */ = {
			isa = PBXFileSystemSynchronizedRootGroup;
			path = "Tech Social Media AppUITests";
			sourceTree = "<group>";
		};
/* End PBXFileSystemSynchronizedRootGroup section */

/* Begin PBXFrameworksBuildPhase section */
		41552B492CBF45FD00360F42 /* Frameworks */ = {
			isa = PBXFrameworksBuildPhase;
			buildActionMask = 2147483647;
			files = (
			);
			runOnlyForDeploymentPostprocessing = 0;
		};
		41552B5F2CBF45FF00360F42 /* Frameworks */ = {
			isa = PBXFrameworksBuildPhase;
			buildActionMask = 2147483647;
			files = (
			);
			runOnlyForDeploymentPostprocessing = 0;
		};
		41552B692CBF45FF00360F42 /* Frameworks */ = {
			isa = PBXFrameworksBuildPhase;
			buildActionMask = 2147483647;
			files = (
			);
			runOnlyForDeploymentPostprocessing = 0;
		};
/* End PBXFrameworksBuildPhase section */

/* Begin PBXGroup section */
		41552B432CBF45FD00360F42 = {
			isa = PBXGroup;
			children = (
				41552B4E2CBF45FD00360F42 /* Tech Social Media App */,
				41552B652CBF45FF00360F42 /* Tech Social Media AppTests */,
				41552B6F2CBF45FF00360F42 /* Tech Social Media AppUITests */,
				41552B4D2CBF45FD00360F42 /* Products */,
			);
			sourceTree = "<group>";
		};
		41552B4D2CBF45FD00360F42 /* Products */ = {
			isa = PBXGroup;
			children = (
				41552B4C2CBF45FD00360F42 /* Tech Social Media App.app */,
				41552B622CBF45FF00360F42 /* Tech Social Media AppTests.xctest */,
				41552B6C2CBF45FF00360F42 /* Tech Social Media AppUITests.xctest */,
			);
			name = Products;
			sourceTree = "<group>";
		};
/* End PBXGroup section */

/* Begin PBXNativeTarget section */
		41552B4B2CBF45FD00360F42 /* Tech Social Media App */ = {
			isa = PBXNativeTarget;
			buildConfigurationList = 41552B752CBF45FF00360F42 /* Build configuration list for PBXNativeTarget "Tech Social Media App" */;
			buildPhases = (
				41552B482CBF45FD00360F42 /* Sources */,
				41552B492CBF45FD00360F42 /* Frameworks */,
				41552B4A2CBF45FD00360F42 /* Resources */,
			);
			buildRules = (
			);
			dependencies = (
			);
			fileSystemSynchronizedGroups = (
				41552B4E2CBF45FD00360F42 /* Tech Social Media App */,
			);
			name = "Tech Social Media App";
			packageProductDependencies = (
			);
			productName = "Tech Social Media App";
			productReference = 41552B4C2CBF45FD00360F42 /* Tech Social Media App.app */;
			productType = "com.apple.product-type.application";
		};
		41552B612CBF45FF00360F42 /* Tech Social Media AppTests */ = {
			isa = PBXNativeTarget;
			buildConfigurationList = 41552B7A2CBF45FF00360F42 /* Build configuration list for PBXNativeTarget "Tech Social Media AppTests" */;
			buildPhases = (
				41552B5E2CBF45FF00360F42 /* Sources */,
				41552B5F2CBF45FF00360F42 /* Frameworks */,
				41552B602CBF45FF00360F42 /* Resources */,
			);
			buildRules = (
			);
			dependencies = (
				41552B642CBF45FF00360F42 /* PBXTargetDependency */,
			);
			fileSystemSynchronizedGroups = (
				41552B652CBF45FF00360F42 /* Tech Social Media AppTests */,
			);
			name = "Tech Social Media AppTests";
			packageProductDependencies = (
			);
			productName = "Tech Social Media AppTests";
			productReference = 41552B622CBF45FF00360F42 /* Tech Social Media AppTests.xctest */;
			productType = "com.apple.product-type.bundle.unit-test";
		};
		41552B6B2CBF45FF00360F42 /* Tech Social Media AppUITests */ = {
			isa = PBXNativeTarget;
			buildConfigurationList = 41552B7D2CBF45FF00360F42 /* Build configuration list for PBXNativeTarget "Tech Social Media AppUITests" */;
			buildPhases = (
				41552B682CBF45FF00360F42 /* Sources */,
				41552B692CBF45FF00360F42 /* Frameworks */,
				41552B6A2CBF45FF00360F42 /* Resources */,
			);
			buildRules = (
			);
			dependencies = (
				41552B6E2CBF45FF00360F42 /* PBXTargetDependency */,
			);
			fileSystemSynchronizedGroups = (
				41552B6F2CBF45FF00360F42 /* Tech Social Media AppUITests */,
			);
			name = "Tech Social Media AppUITests";
			packageProductDependencies = (
			);
			productName = "Tech Social Media AppUITests";
			productReference = 41552B6C2CBF45FF00360F42 /* Tech Social Media AppUITests.xctest */;
			productType = "com.apple.product-type.bundle.ui-testing";
		};
/* End PBXNativeTarget section */

/* Begin PBXProject section */
		41552B442CBF45FD00360F42 /* Project object */ = {
			isa = PBXProject;
			attributes = {
				BuildIndependentTargetsInParallel = 1;
				LastSwiftUpdateCheck = 1600;
				LastUpgradeCheck = 1600;
				TargetAttributes = {
					41552B4B2CBF45FD00360F42 = {
						CreatedOnToolsVersion = 16.0;
					};
					41552B612CBF45FF00360F42 = {
						CreatedOnToolsVersion = 16.0;
						TestTargetID = 41552B4B2CBF45FD00360F42;
					};
					41552B6B2CBF45FF00360F42 = {
						CreatedOnToolsVersion = 16.0;
						TestTargetID = 41552B4B2CBF45FD00360F42;
					};
				};
			};
			buildConfigurationList = 41552B472CBF45FD00360F42 /* Build configuration list for PBXProject "Tech Social Media App" */;
			developmentRegion = en;
			hasScannedForEncodings = 0;
			knownRegions = (
				en,
				Base,
			);
			mainGroup = 41552B432CBF45FD00360F42;
			minimizedProjectReferenceProxies = 1;
			preferredProjectObjectVersion = 77;
			productRefGroup = 41552B4D2CBF45FD00360F42 /* Products */;
			projectDirPath = "";
			projectRoot = "";
			targets = (
				41552B4B2CBF45FD00360F42 /* Tech Social Media App */,
				41552B612CBF45FF00360F42 /* Tech Social Media AppTests */,
				41552B6B2CBF45FF00360F42 /* Tech Social Media AppUITests */,
			);
		};
/* End PBXProject section */

/* Begin PBXResourcesBuildPhase section */
		41552B4A2CBF45FD00360F42 /* Resources */ = {
			isa = PBXResourcesBuildPhase;
			buildActionMask = 2147483647;
			files = (
			);
			runOnlyForDeploymentPostprocessing = 0;
		};
		41552B602CBF45FF00360F42 /* Resources */ = {
			isa = PBXResourcesBuildPhase;
			buildActionMask = 2147483647;
			files = (
			);
			runOnlyForDeploymentPostprocessing = 0;
		};
		41552B6A2CBF45FF00360F42 /* Resources */ = {
			isa = PBXResourcesBuildPhase;
			buildActionMask = 2147483647;
			files = (
			);
			runOnlyForDeploymentPostprocessing = 0;
		};
/* End PBXResourcesBuildPhase section */

/* Begin PBXSourcesBuildPhase section */
		41552B482CBF45FD00360F42 /* Sources */ = {
			isa = PBXSourcesBuildPhase;
			buildActionMask = 2147483647;
			files = (
			);
			runOnlyForDeploymentPostprocessing = 0;
		};
		41552B5E2CBF45FF00360F42 /* Sources */ = {
			isa = PBXSourcesBuildPhase;
			buildActionMask = 2147483647;
			files = (
			);
			runOnlyForDeploymentPostprocessing = 0;
		};
		41552B682CBF45FF00360F42 /* Sources */ = {
			isa = PBXSourcesBuildPhase;
			buildActionMask = 2147483647;
			files = (
			);
			runOnlyForDeploymentPostprocessing = 0;
		};
/* End PBXSourcesBuildPhase section */

/* Begin PBXTargetDependency section */
		41552B642CBF45FF00360F42 /* PBXTargetDependency */ = {
			isa = PBXTargetDependency;
			target = 41552B4B2CBF45FD00360F42 /* Tech Social Media App */;
			targetProxy = 41552B632CBF45FF00360F42 /* PBXContainerItemProxy */;
		};
		41552B6E2CBF45FF00360F42 /* PBXTargetDependency */ = {
			isa = PBXTargetDependency;
			target = 41552B4B2CBF45FD00360F42 /* Tech Social Media App */;
			targetProxy = 41552B6D2CBF45FF00360F42 /* PBXContainerItemProxy */;
		};
/* End PBXTargetDependency section */

/* Begin XCBuildConfiguration section */
		41552B762CBF45FF00360F42 /* Debug */ = {
			isa = XCBuildConfiguration;
			buildSettings = {
				ASSETCATALOG_COMPILER_APPICON_NAME = AppIcon;
				ASSETCATALOG_COMPILER_GLOBAL_ACCENT_COLOR_NAME = AccentColor;
				CODE_SIGN_STYLE = Automatic;
				CURRENT_PROJECT_VERSION = 1;
				DEVELOPMENT_TEAM = 5JNNNHB3WK;
				GENERATE_INFOPLIST_FILE = YES;
				INFOPLIST_FILE = "Tech Social Media App/Info.plist";
				INFOPLIST_KEY_UIApplicationSupportsIndirectInputEvents = YES;
				INFOPLIST_KEY_UILaunchStoryboardName = LaunchScreen;
				INFOPLIST_KEY_UIMainStoryboardFile = Main;
				INFOPLIST_KEY_UISupportedInterfaceOrientations_iPad = "UIInterfaceOrientationPortrait UIInterfaceOrientationPortraitUpsideDown UIInterfaceOrientationLandscapeLeft UIInterfaceOrientationLandscapeRight";
				INFOPLIST_KEY_UISupportedInterfaceOrientations_iPhone = "UIInterfaceOrientationPortrait UIInterfaceOrientationLandscapeLeft UIInterfaceOrientationLandscapeRight";
				LD_RUNPATH_SEARCH_PATHS = (
					"$(inherited)",
					"@executable_path/Frameworks",
				);
				MARKETING_VERSION = 1.0;
				PRODUCT_BUNDLE_IDENTIFIER = "com.kaylenward.Tech-Social-Media-App";
				PRODUCT_NAME = "$(TARGET_NAME)";
				SWIFT_EMIT_LOC_STRINGS = YES;
				SWIFT_VERSION = 5.0;
				TARGETED_DEVICE_FAMILY = "1,2";
			};
			name = Debug;
		};
		41552B772CBF45FF00360F42 /* Release */ = {
			isa = XCBuildConfiguration;
			buildSettings = {
				ASSETCATALOG_COMPILER_APPICON_NAME = AppIcon;
				ASSETCATALOG_COMPILER_GLOBAL_ACCENT_COLOR_NAME = AccentColor;
				CODE_SIGN_STYLE = Automatic;
				CURRENT_PROJECT_VERSION = 1;
				DEVELOPMENT_TEAM = 5JNNNHB3WK;
				GENERATE_INFOPLIST_FILE = YES;
				INFOPLIST_FILE = "Tech Social Media App/Info.plist";
				INFOPLIST_KEY_UIApplicationSupportsIndirectInputEvents = YES;
				INFOPLIST_KEY_UILaunchStoryboardName = LaunchScreen;
				INFOPLIST_KEY_UIMainStoryboardFile = Main;
				INFOPLIST_KEY_UISupportedInterfaceOrientations_iPad = "UIInterfaceOrientationPortrait UIInterfaceOrientationPortraitUpsideDown UIInterfaceOrientationLandscapeLeft UIInterfaceOrientationLandscapeRight";
				INFOPLIST_KEY_UISupportedInterfaceOrientations_iPhone = "UIInterfaceOrientationPortrait UIInterfaceOrientationLandscapeLeft UIInterfaceOrientationLandscapeRight";
				LD_RUNPATH_SEARCH_PATHS = (
					"$(inherited)",
					"@executable_path/Frameworks",
				);
				MARKETING_VERSION = 1.0;
				PRODUCT_BUNDLE_IDENTIFIER = "com.kaylenward.Tech-Social-Media-App";
				PRODUCT_NAME = "$(TARGET_NAME)";
				SWIFT_EMIT_LOC_STRINGS = YES;
				SWIFT_VERSION = 5.0;
				TARGETED_DEVICE_FAMILY = "1,2";
			};
			name = Release;
		};
		41552B782CBF45FF00360F42 /* Debug */ = {
			isa = XCBuildConfiguration;
			buildSettings = {
				ALWAYS_SEARCH_USER_PATHS = NO;
				ASSETCATALOG_COMPILER_GENERATE_SWIFT_ASSET_SYMBOL_EXTENSIONS = YES;
				CLANG_ANALYZER_NONNULL = YES;
				CLANG_ANALYZER_NUMBER_OBJECT_CONVERSION = YES_AGGRESSIVE;
				CLANG_CXX_LANGUAGE_STANDARD = "gnu++20";
				CLANG_ENABLE_MODULES = YES;
				CLANG_ENABLE_OBJC_ARC = YES;
				CLANG_ENABLE_OBJC_WEAK = YES;
				CLANG_WARN_BLOCK_CAPTURE_AUTORELEASING = YES;
				CLANG_WARN_BOOL_CONVERSION = YES;
				CLANG_WARN_COMMA = YES;
				CLANG_WARN_CONSTANT_CONVERSION = YES;
				CLANG_WARN_DEPRECATED_OBJC_IMPLEMENTATIONS = YES;
				CLANG_WARN_DIRECT_OBJC_ISA_USAGE = YES_ERROR;
				CLANG_WARN_DOCUMENTATION_COMMENTS = YES;
				CLANG_WARN_EMPTY_BODY = YES;
				CLANG_WARN_ENUM_CONVERSION = YES;
				CLANG_WARN_INFINITE_RECURSION = YES;
				CLANG_WARN_INT_CONVERSION = YES;
				CLANG_WARN_NON_LITERAL_NULL_CONVERSION = YES;
				CLANG_WARN_OBJC_IMPLICIT_RETAIN_SELF = YES;
				CLANG_WARN_OBJC_LITERAL_CONVERSION = YES;
				CLANG_WARN_OBJC_ROOT_CLASS = YES_ERROR;
				CLANG_WARN_QUOTED_INCLUDE_IN_FRAMEWORK_HEADER = YES;
				CLANG_WARN_RANGE_LOOP_ANALYSIS = YES;
				CLANG_WARN_STRICT_PROTOTYPES = YES;
				CLANG_WARN_SUSPICIOUS_MOVE = YES;
				CLANG_WARN_UNGUARDED_AVAILABILITY = YES_AGGRESSIVE;
				CLANG_WARN_UNREACHABLE_CODE = YES;
				CLANG_WARN__DUPLICATE_METHOD_MATCH = YES;
				COPY_PHASE_STRIP = NO;
				DEBUG_INFORMATION_FORMAT = dwarf;
				ENABLE_STRICT_OBJC_MSGSEND = YES;
				ENABLE_TESTABILITY = YES;
				ENABLE_USER_SCRIPT_SANDBOXING = YES;
				GCC_C_LANGUAGE_STANDARD = gnu17;
				GCC_DYNAMIC_NO_PIC = NO;
				GCC_NO_COMMON_BLOCKS = YES;
				GCC_OPTIMIZATION_LEVEL = 0;
				GCC_PREPROCESSOR_DEFINITIONS = (
					"DEBUG=1",
					"$(inherited)",
				);
				GCC_WARN_64_TO_32_BIT_CONVERSION = YES;
				GCC_WARN_ABOUT_RETURN_TYPE = YES_ERROR;
				GCC_WARN_UNDECLARED_SELECTOR = YES;
				GCC_WARN_UNINITIALIZED_AUTOS = YES_AGGRESSIVE;
				GCC_WARN_UNUSED_FUNCTION = YES;
				GCC_WARN_UNUSED_VARIABLE = YES;
				IPHONEOS_DEPLOYMENT_TARGET = 18.0;
				LOCALIZATION_PREFERS_STRING_CATALOGS = YES;
				MTL_ENABLE_DEBUG_INFO = INCLUDE_SOURCE;
				MTL_FAST_MATH = YES;
				ONLY_ACTIVE_ARCH = YES;
				SDKROOT = iphoneos;
				SWIFT_ACTIVE_COMPILATION_CONDITIONS = "DEBUG $(inherited)";
				SWIFT_OPTIMIZATION_LEVEL = "-Onone";
			};
			name = Debug;
		};
		41552B792CBF45FF00360F42 /* Release */ = {
			isa = XCBuildConfiguration;
			buildSettings = {
				ALWAYS_SEARCH_USER_PATHS = NO;
				ASSETCATALOG_COMPILER_GENERATE_SWIFT_ASSET_SYMBOL_EXTENSIONS = YES;
				CLANG_ANALYZER_NONNULL = YES;
				CLANG_ANALYZER_NUMBER_OBJECT_CONVERSION = YES_AGGRESSIVE;
				CLANG_CXX_LANGUAGE_STANDARD = "gnu++20";
				CLANG_ENABLE_MODULES = YES;
				CLANG_ENABLE_OBJC_ARC = YES;
				CLANG_ENABLE_OBJC_WEAK = YES;
				CLANG_WARN_BLOCK_CAPTURE_AUTORELEASING = YES;
				CLANG_WARN_BOOL_CONVERSION = YES;
				CLANG_WARN_COMMA = YES;
				CLANG_WARN_CONSTANT_CONVERSION = YES;
				CLANG_WARN_DEPRECATED_OBJC_IMPLEMENTATIONS = YES;
				CLANG_WARN_DIRECT_OBJC_ISA_USAGE = YES_ERROR;
				CLANG_WARN_DOCUMENTATION_COMMENTS = YES;
				CLANG_WARN_EMPTY_BODY = YES;
				CLANG_WARN_ENUM_CONVERSION = YES;
				CLANG_WARN_INFINITE_RECURSION = YES;
				CLANG_WARN_INT_CONVERSION = YES;
				CLANG_WARN_NON_LITERAL_NULL_CONVERSION = YES;
				CLANG_WARN_OBJC_IMPLICIT_RETAIN_SELF = YES;
				CLANG_WARN_OBJC_LITERAL_CONVERSION = YES;
				CLANG_WARN_OBJC_ROOT_CLASS = YES_ERROR;
				CLANG_WARN_QUOTED_INCLUDE_IN_FRAMEWORK_HEADER = YES;
				CLANG_WARN_RANGE_LOOP_ANALYSIS = YES;
				CLANG_WARN_STRICT_PROTOTYPES = YES;
				CLANG_WARN_SUSPICIOUS_MOVE = YES;
				CLANG_WARN_UNGUARDED_AVAILABILITY = YES_AGGRESSIVE;
				CLANG_WARN_UNREACHABLE_CODE = YES;
				CLANG_WARN__DUPLICATE_METHOD_MATCH = YES;
				COPY_PHASE_STRIP = NO;
				DEBUG_INFORMATION_FORMAT = "dwarf-with-dsym";
				ENABLE_NS_ASSERTIONS = NO;
				ENABLE_STRICT_OBJC_MSGSEND = YES;
				ENABLE_USER_SCRIPT_SANDBOXING = YES;
				GCC_C_LANGUAGE_STANDARD = gnu17;
				GCC_NO_COMMON_BLOCKS = YES;
				GCC_WARN_64_TO_32_BIT_CONVERSION = YES;
				GCC_WARN_ABOUT_RETURN_TYPE = YES_ERROR;
				GCC_WARN_UNDECLARED_SELECTOR = YES;
				GCC_WARN_UNINITIALIZED_AUTOS = YES_AGGRESSIVE;
				GCC_WARN_UNUSED_FUNCTION = YES;
				GCC_WARN_UNUSED_VARIABLE = YES;
				IPHONEOS_DEPLOYMENT_TARGET = 18.0;
				LOCALIZATION_PREFERS_STRING_CATALOGS = YES;
				MTL_ENABLE_DEBUG_INFO = NO;
				MTL_FAST_MATH = YES;
				SDKROOT = iphoneos;
				SWIFT_COMPILATION_MODE = wholemodule;
				VALIDATE_PRODUCT = YES;
			};
			name = Release;
		};
		41552B7B2CBF45FF00360F42 /* Debug */ = {
			isa = XCBuildConfiguration;
			buildSettings = {
				BUNDLE_LOADER = "$(TEST_HOST)";
				CODE_SIGN_STYLE = Automatic;
				CURRENT_PROJECT_VERSION = 1;
				DEVELOPMENT_TEAM = 5JNNNHB3WK;
				GENERATE_INFOPLIST_FILE = YES;
				IPHONEOS_DEPLOYMENT_TARGET = 18.0;
				MARKETING_VERSION = 1.0;
				PRODUCT_BUNDLE_IDENTIFIER = "com.kaylenward.Tech-Social-Media-AppTests";
				PRODUCT_NAME = "$(TARGET_NAME)";
				SWIFT_EMIT_LOC_STRINGS = NO;
				SWIFT_VERSION = 5.0;
				TARGETED_DEVICE_FAMILY = "1,2";
				TEST_HOST = "$(BUILT_PRODUCTS_DIR)/Tech Social Media App.app/$(BUNDLE_EXECUTABLE_FOLDER_PATH)/Tech Social Media App";
			};
			name = Debug;
		};
		41552B7C2CBF45FF00360F42 /* Release */ = {
			isa = XCBuildConfiguration;
			buildSettings = {
				BUNDLE_LOADER = "$(TEST_HOST)";
				CODE_SIGN_STYLE = Automatic;
				CURRENT_PROJECT_VERSION = 1;
				DEVELOPMENT_TEAM = 5JNNNHB3WK;
				GENERATE_INFOPLIST_FILE = YES;
				IPHONEOS_DEPLOYMENT_TARGET = 18.0;
				MARKETING_VERSION = 1.0;
				PRODUCT_BUNDLE_IDENTIFIER = "com.kaylenward.Tech-Social-Media-AppTests";
				PRODUCT_NAME = "$(TARGET_NAME)";
				SWIFT_EMIT_LOC_STRINGS = NO;
				SWIFT_VERSION = 5.0;
				TARGETED_DEVICE_FAMILY = "1,2";
				TEST_HOST = "$(BUILT_PRODUCTS_DIR)/Tech Social Media App.app/$(BUNDLE_EXECUTABLE_FOLDER_PATH)/Tech Social Media App";
			};
			name = Release;
		};
		41552B7E2CBF45FF00360F42 /* Debug */ = {
			isa = XCBuildConfiguration;
			buildSettings = {
				CODE_SIGN_STYLE = Automatic;
				CURRENT_PROJECT_VERSION = 1;
				DEVELOPMENT_TEAM = 5JNNNHB3WK;
				GENERATE_INFOPLIST_FILE = YES;
				MARKETING_VERSION = 1.0;
				PRODUCT_BUNDLE_IDENTIFIER = "com.kaylenward.Tech-Social-Media-AppUITests";
				PRODUCT_NAME = "$(TARGET_NAME)";
				SWIFT_EMIT_LOC_STRINGS = NO;
				SWIFT_VERSION = 5.0;
				TARGETED_DEVICE_FAMILY = "1,2";
				TEST_TARGET_NAME = "Tech Social Media App";
			};
			name = Debug;
		};
		41552B7F2CBF45FF00360F42 /* Release */ = {
			isa = XCBuildConfiguration;
			buildSettings = {
				CODE_SIGN_STYLE = Automatic;
				CURRENT_PROJECT_VERSION = 1;
				DEVELOPMENT_TEAM = 5JNNNHB3WK;
				GENERATE_INFOPLIST_FILE = YES;
				MARKETING_VERSION = 1.0;
				PRODUCT_BUNDLE_IDENTIFIER = "com.kaylenward.Tech-Social-Media-AppUITests";
				PRODUCT_NAME = "$(TARGET_NAME)";
				SWIFT_EMIT_LOC_STRINGS = NO;
				SWIFT_VERSION = 5.0;
				TARGETED_DEVICE_FAMILY = "1,2";
				TEST_TARGET_NAME = "Tech Social Media App";
			};
			name = Release;
		};
/* End XCBuildConfiguration section */

/* Begin XCConfigurationList section */
		41552B472CBF45FD00360F42 /* Build configuration list for PBXProject "Tech Social Media App" */ = {
			isa = XCConfigurationList;
			buildConfigurations = (
				41552B782CBF45FF00360F42 /* Debug */,
				41552B792CBF45FF00360F42 /* Release */,
			);
			defaultConfigurationIsVisible = 0;
			defaultConfigurationName = Release;
		};
		41552B752CBF45FF00360F42 /* Build configuration list for PBXNativeTarget "Tech Social Media App" */ = {
			isa = XCConfigurationList;
			buildConfigurations = (
				41552B762CBF45FF00360F42 /* Debug */,
				41552B772CBF45FF00360F42 /* Release */,
			);
			defaultConfigurationIsVisible = 0;
			defaultConfigurationName = Release;
		};
		41552B7A2CBF45FF00360F42 /* Build configuration list for PBXNativeTarget "Tech Social Media AppTests" */ = {
			isa = XCConfigurationList;
			buildConfigurations = (
				41552B7B2CBF45FF00360F42 /* Debug */,
				41552B7C2CBF45FF00360F42 /* Release */,
			);
			defaultConfigurationIsVisible = 0;
			defaultConfigurationName = Release;
		};
		41552B7D2CBF45FF00360F42 /* Build configuration list for PBXNativeTarget "Tech Social Media AppUITests" */ = {
			isa = XCConfigurationList;
			buildConfigurations = (
				41552B7E2CBF45FF00360F42 /* Debug */,
				41552B7F2CBF45FF00360F42 /* Release */,
			);
			defaultConfigurationIsVisible = 0;
			defaultConfigurationName = Release;
		};
/* End XCConfigurationList section */
	};
	rootObject = 41552B442CBF45FD00360F42 /* Project object */;
}
